
Microsoft Visual Studio Solution File, Format Version 12.00
# Visual Studio Version 16
VisualStudioVersion = 16.0.31424.327
MinimumVisualStudioVersion = 10.0.40219.1
Project("{FAE04EC0-301F-11D3-BF4B-00C04F79EFBC}") = "LabCoreD01", "LabCoreD01\LabCoreD01.csproj", "{0050A14B-504A-4DBD-B7FD-44A0A212CAFA}"
EndProject
Global
	GlobalSection(SolutionConfigurationPlatforms) = preSolution
		Debug|Any CPU = Debug|Any CPU
		Release|Any CPU = Release|Any CPU
	EndGlobalSection
	GlobalSection(ProjectConfigurationPlatforms) = postSolution
		{0050A14B-504A-4DBD-B7FD-44A0A212CAFA}.Debug|Any CPU.ActiveCfg = Debug|Any CPU
		{0050A14B-504A-4DBD-B7FD-44A0A212CAFA}.Debug|Any CPU.Build.0 = Debug|Any CPU
		{0050A14B-504A-4DBD-B7FD-44A0A212CAFA}.Release|Any CPU.ActiveCfg = Release|Any CPU
		{0050A14B-504A-4DBD-B7FD-44A0A212CAFA}.Release|Any CPU.Build.0 = Release|Any CPU
	EndGlobalSection
	GlobalSection(SolutionProperties) = preSolution
		HideSolutionNode = FALSE
	EndGlobalSection
	GlobalSection(ExtensibilityGlobals) = postSolution
		SolutionGuid = {0B826CE6-8C23-4415-8042-20B36ABF6970}
	EndGlobalSection
EndGlobal
